<?xml version="1.0" encoding="utf-8"?>
<Project ToolsVersion="4.0" xmlns="http://schemas.microsoft.com/developer/msbuild/2003">
  <ItemGroup>
    <ClCompile Include="src\ofApp.cpp">
      <Filter>src</Filter>
    </ClCompile>
    <ClCompile Include="src\main.cpp">
      <Filter>src</Filter>
    </ClCompile>
    <ClCompile Include="..\..\..\addons\ofxMidi\src\ofxBaseMidi.cpp">
      <Filter>src\ofxMidi</Filter>
    </ClCompile>
    <ClCompile Include="..\..\..\addons\ofxMidi\src\ofxMidi.cpp">
      <Filter>src\ofxMidi</Filter>
    </ClCompile>
    <ClCompile Include="..\..\..\addons\ofxMidi\src\ofxMidiClock.cpp">
      <Filter>src\ofxMidi</Filter>
    </ClCompile>
    <ClCompile Include="..\..\..\addons\ofxMidi\src\ofxMidiIn.cpp">
      <Filter>src\ofxMidi</Filter>
    </ClCompile>
    <ClCompile Include="..\..\..\addons\ofxMidi\src\ofxMidiMessage.cpp">
      <Filter>src\ofxMidi</Filter>
    </ClCompile>
    <ClCompile Include="..\..\..\addons\ofxMidi\src\ofxMidiOut.cpp">
      <Filter>src\ofxMidi</Filter>
    </ClCompile>
    <ClCompile Include="..\..\..\addons\ofxMidi\src\ofxMidiTimecode.cpp">
      <Filter>src\ofxMidi</Filter>
    </ClCompile>
    <ClCompile Include="..\..\..\addons\ofxMidi\src\desktop\ofxRtMidiIn.cpp">
      <Filter>src\ofxMidi</Filter>
    </ClCompile>
    <ClCompile Include="..\..\..\addons\ofxMidi\src\desktop\ofxRtMidiOut.cpp">
      <Filter>src\ofxMidi</Filter>
    </ClCompile>
    <ClCompile Include="..\..\..\addons\ofxMidi\libs\rtmidi\RtMidi.cpp">
      <Filter>src\ofxMidi</Filter>
    </ClCompile>
  </ItemGroup>
  <ItemGroup>
    <Filter Include="src">
      <UniqueIdentifier>{d8376475-7454-4a24-b08a-aac121d3ad6f}</UniqueIdentifier>
    </Filter>
    <Filter Include="src\ofxMidi">
      <UniqueIdentifier>{ea72200f-303b-4cc6-a33c-af445d9c0514}</UniqueIdentifier>
    </Filter>
  </ItemGroup>
  <ItemGroup>
    <ClInclude Include="src\ofApp.h">
      <Filter>src</Filter>
    </ClInclude>
    <ClInclude Include="..\..\..\addons\ofxMidi\src\ofxBaseMidi.h">
      <Filter>src\ofxMidi</Filter>
    </ClInclude>
    <ClInclude Include="..\..\..\addons\ofxMidi\src\ofxMidi.h">
      <Filter>src\ofxMidi</Filter>
    </ClInclude>
    <ClInclude Include="..\..\..\addons\ofxMidi\src\ofxMidiClock.h">
      <Filter>src\ofxMidi</Filter>
    </ClInclude>
    <ClInclude Include="..\..\..\addons\ofxMidi\src\ofxMidiConstants.h">
      <Filter>src\ofxMidi</Filter>
    </ClInclude>
    <ClInclude Include="..\..\..\addons\ofxMidi\src\ofxMidiIn.h">
      <Filter>src\ofxMidi</Filter>
    </ClInclude>
    <ClInclude Include="..\..\..\addons\ofxMidi\src\ofxMidiMessage.h">
      <Filter>src\ofxMidi</Filter>
    </ClInclude>
    <ClInclude Include="..\..\..\addons\ofxMidi\src\ofxMidiOut.h">
      <Filter>src\ofxMidi</Filter>
    </ClInclude>
    <ClInclude Include="..\..\..\addons\ofxMidi\src\ofxMidiTimecode.h">
      <Filter>src\ofxMidi</Filter>
    </ClInclude>
    <ClInclude Include="..\..\..\addons\ofxMidi\src\ofxMidiTypes.h">
      <Filter>src\ofxMidi</Filter>
    </ClInclude>
    <ClInclude Include="..\..\..\addons\ofxMidi\src\ios\ofxPGMidiContext.h">
      <Filter>src\ofxMidi</Filter>
    </ClInclude>
    <ClInclude Include="..\..\..\addons\ofxMidi\src\ios\ofxPGMidiDelegate.h">
      <Filter>src\ofxMidi</Filter>
    </ClInclude>
    <ClInclude Include="..\..\..\addons\ofxMidi\src\ios\ofxPGMidiIn.h">
      <Filter>src\ofxMidi</Filter>
    </ClInclude>
    <ClInclude Include="..\..\..\addons\ofxMidi\src\ios\ofxPGMidiOut.h">
      <Filter>src\ofxMidi</Filter>
    </ClInclude>
    <ClInclude Include="..\..\..\addons\ofxMidi\src\ios\ofxPGMidiSourceDelegate.h">
      <Filter>src\ofxMidi</Filter>
    </ClInclude>
    <ClInclude Include="..\..\..\addons\ofxMidi\src\desktop\ofxRtMidiIn.h">
      <Filter>src\ofxMidi</Filter>
    </ClInclude>
    <ClInclude Include="..\..\..\addons\ofxMidi\src\desktop\ofxRtMidiOut.h">
      <Filter>src\ofxMidi</Filter>
    </ClInclude>
    <ClInclude Include="..\..\..\addons\ofxMidi\libs\rtmidi\RtMidi.h">
      <Filter>src\ofxMidi</Filter>
    </ClInclude>
  </ItemGroup>
  <ItemGroup>
    <ResourceCompile Include="icon.rc" />
  </ItemGroup>
</Project>